// !$*UTF8*$!
{
	archiveVersion = 1;
	classes = {
	};
	objectVersion = 46;
	objects = {

/* Begin PBXBuildFile section */
		15B2553F9BB7C98A1405F302 /* Pods_MasterCollectionView.framework in Frameworks */ = {isa = PBXBuildFile; fileRef = F2B7951AD72785146894DF72 /* Pods_MasterCollectionView.framework */; };
		EE1B0E6E1E82AA3700CC2279 /* RootTableViewController.swift in Sources */ = {isa = PBXBuildFile; fileRef = EE1B0E6D1E82AA3700CC2279 /* RootTableViewController.swift */; };
		EE1B0E701E82AD8F00CC2279 /* MovableScrollViewController.swift in Sources */ = {isa = PBXBuildFile; fileRef = EE1B0E6F1E82AD8F00CC2279 /* MovableScrollViewController.swift */; };
		EE2FBB031E5DE7B700DAB188 /* AppDelegate.swift in Sources */ = {isa = PBXBuildFile; fileRef = EE2FBB021E5DE7B700DAB188 /* AppDelegate.swift */; };
		EE2FBB051E5DE7B700DAB188 /* ViewController.swift in Sources */ = {isa = PBXBuildFile; fileRef = EE2FBB041E5DE7B700DAB188 /* ViewController.swift */; };
		EE2FBB081E5DE7B700DAB188 /* Main.storyboard in Resources */ = {isa = PBXBuildFile; fileRef = EE2FBB061E5DE7B700DAB188 /* Main.storyboard */; };
		EE2FBB0A1E5DE7B700DAB188 /* Assets.xcassets in Resources */ = {isa = PBXBuildFile; fileRef = EE2FBB091E5DE7B700DAB188 /* Assets.xcassets */; };
		EE2FBB0D1E5DE7B800DAB188 /* LaunchScreen.storyboard in Resources */ = {isa = PBXBuildFile; fileRef = EE2FBB0B1E5DE7B700DAB188 /* LaunchScreen.storyboard */; };
/* End PBXBuildFile section */

/* Begin PBXFileReference section */
		B94AC497352BE700544F13CF /* Pods-MasterCollectionView.release.xcconfig */ = {isa = PBXFileReference; includeInIndex = 1; lastKnownFileType = text.xcconfig; name = "Pods-MasterCollectionView.release.xcconfig"; path = "Pods/Target Support Files/Pods-MasterCollectionView/Pods-MasterCollectionView.release.xcconfig"; sourceTree = "<group>"; };
		CB390FBC300A0BB7C737E967 /* Pods-MasterCollectionView.debug.xcconfig */ = {isa = PBXFileReference; includeInIndex = 1; lastKnownFileType = text.xcconfig; name = "Pods-MasterCollectionView.debug.xcconfig"; path = "Pods/Target Support Files/Pods-MasterCollectionView/Pods-MasterCollectionView.debug.xcconfig"; sourceTree = "<group>"; };
		EE1B0E6D1E82AA3700CC2279 /* RootTableViewController.swift */ = {isa = PBXFileReference; fileEncoding = 4; lastKnownFileType = sourcecode.swift; path = RootTableViewController.swift; sourceTree = "<group>"; };
		EE1B0E6F1E82AD8F00CC2279 /* MovableScrollViewController.swift */ = {isa = PBXFileReference; fileEncoding = 4; lastKnownFileType = sourcecode.swift; path = MovableScrollViewController.swift; sourceTree = "<group>"; };
		EE2FBAFF1E5DE7B700DAB188 /* MasterCollectionView.app */ = {isa = PBXFileReference; explicitFileType = wrapper.application; includeInIndex = 0; path = MasterCollectionView.app; sourceTree = BUILT_PRODUCTS_DIR; };
		EE2FBB021E5DE7B700DAB188 /* AppDelegate.swift */ = {isa = PBXFileReference; lastKnownFileType = sourcecode.swift; path = AppDelegate.swift; sourceTree = "<group>"; };
		EE2FBB041E5DE7B700DAB188 /* ViewController.swift */ = {isa = PBXFileReference; lastKnownFileType = sourcecode.swift; name = ViewController.swift; path = ../ViewController.swift; sourceTree = "<group>"; };
		EE2FBB071E5DE7B700DAB188 /* Base */ = {isa = PBXFileReference; lastKnownFileType = file.storyboard; name = Base; path = Base.lproj/Main.storyboard; sourceTree = "<group>"; };
		EE2FBB091E5DE7B700DAB188 /* Assets.xcassets */ = {isa = PBXFileReference; lastKnownFileType = folder.assetcatalog; path = Assets.xcassets; sourceTree = "<group>"; };
		EE2FBB0C1E5DE7B800DAB188 /* Base */ = {isa = PBXFileReference; lastKnownFileType = file.storyboard; name = Base; path = Base.lproj/LaunchScreen.storyboard; sourceTree = "<group>"; };
		EE2FBB0E1E5DE7B800DAB188 /* Info.plist */ = {isa = PBXFileReference; lastKnownFileType = text.plist.xml; path = Info.plist; sourceTree = "<group>"; };
		F2B7951AD72785146894DF72 /* Pods_MasterCollectionView.framework */ = {isa = PBXFileReference; explicitFileType = wrapper.framework; includeInIndex = 0; path = Pods_MasterCollectionView.framework; sourceTree = BUILT_PRODUCTS_DIR; };
/* End PBXFileReference section */

/* Begin PBXFrameworksBuildPhase section */
		EE2FBAFC1E5DE7B700DAB188 /* Frameworks */ = {
			isa = PBXFrameworksBuildPhase;
			buildActionMask = 2147483647;
			files = (
				15B2553F9BB7C98A1405F302 /* Pods_MasterCollectionView.framework in Frameworks */,
			);
			runOnlyForDeploymentPostprocessing = 0;
		};
/* End PBXFrameworksBuildPhase section */

/* Begin PBXGroup section */
		2C4663D389FB232F4DCFCBCC /* Pods */ = {
			isa = PBXGroup;
			children = (
				CB390FBC300A0BB7C737E967 /* Pods-MasterCollectionView.debug.xcconfig */,
				B94AC497352BE700544F13CF /* Pods-MasterCollectionView.release.xcconfig */,
			);
			name = Pods;
			sourceTree = "<group>";
		};
		515F97C091B794E261827AE1 /* Frameworks */ = {
			isa = PBXGroup;
			children = (
				F2B7951AD72785146894DF72 /* Pods_MasterCollectionView.framework */,
			);
			name = Frameworks;
			sourceTree = "<group>";
		};
		EE1B0E6C1E82AA0500CC2279 /* Controllers */ = {
			isa = PBXGroup;
			children = (
				EE2FBB041E5DE7B700DAB188 /* ViewController.swift */,
				EE1B0E6D1E82AA3700CC2279 /* RootTableViewController.swift */,
				EE1B0E6F1E82AD8F00CC2279 /* MovableScrollViewController.swift */,
			);
			path = Controllers;
			sourceTree = "<group>";
		};
		EE2FBAF61E5DE7B700DAB188 = {
			isa = PBXGroup;
			children = (
				EE2FBB011E5DE7B700DAB188 /* MasterCollectionView */,
				EE2FBB001E5DE7B700DAB188 /* Products */,
				2C4663D389FB232F4DCFCBCC /* Pods */,
				515F97C091B794E261827AE1 /* Frameworks */,
			);
			sourceTree = "<group>";
		};
		EE2FBB001E5DE7B700DAB188 /* Products */ = {
			isa = PBXGroup;
			children = (
				EE2FBAFF1E5DE7B700DAB188 /* MasterCollectionView.app */,
			);
			name = Products;
			sourceTree = "<group>";
		};
		EE2FBB011E5DE7B700DAB188 /* MasterCollectionView */ = {
			isa = PBXGroup;
			children = (
				EE1B0E6C1E82AA0500CC2279 /* Controllers */,
				EE2FBB021E5DE7B700DAB188 /* AppDelegate.swift */,
				EE2FBB061E5DE7B700DAB188 /* Main.storyboard */,
				EE2FBB091E5DE7B700DAB188 /* Assets.xcassets */,
				EE2FBB0B1E5DE7B700DAB188 /* LaunchScreen.storyboard */,
				EE2FBB0E1E5DE7B800DAB188 /* Info.plist */,
			);
			path = MasterCollectionView;
			sourceTree = "<group>";
		};
/* End PBXGroup section */

/* Begin PBXNativeTarget section */
		EE2FBAFE1E5DE7B700DAB188 /* MasterCollectionView */ = {
			isa = PBXNativeTarget;
			buildConfigurationList = EE2FBB111E5DE7B800DAB188 /* Build configuration list for PBXNativeTarget "MasterCollectionView" */;
			buildPhases = (
				0D4DF838FFDF3E4DB8730725 /* [CP] Check Pods Manifest.lock */,
				EE2FBAFB1E5DE7B700DAB188 /* Sources */,
				EE2FBAFC1E5DE7B700DAB188 /* Frameworks */,
				EE2FBAFD1E5DE7B700DAB188 /* Resources */,
				87EBE4FB1E27628FAF81A971 /* [CP] Embed Pods Frameworks */,
				4268D26C389A655B460B052C /* [CP] Copy Pods Resources */,
			);
			buildRules = (
			);
			dependencies = (
			);
			name = MasterCollectionView;
			productName = MasterCollectionView;
			productReference = EE2FBAFF1E5DE7B700DAB188 /* MasterCollectionView.app */;
			productType = "com.apple.product-type.application";
		};
/* End PBXNativeTarget section */

/* Begin PBXProject section */
		EE2FBAF71E5DE7B700DAB188 /* Project object */ = {
			isa = PBXProject;
			attributes = {
				LastSwiftUpdateCheck = 0820;
				LastUpgradeCheck = 0820;
				ORGANIZATIONNAME = "Xinming DAI";
				TargetAttributes = {
					EE2FBAFE1E5DE7B700DAB188 = {
						CreatedOnToolsVersion = 8.2.1;
						DevelopmentTeam = 23X5258S94;
						ProvisioningStyle = Automatic;
					};
				};
			};
			buildConfigurationList = EE2FBAFA1E5DE7B700DAB188 /* Build configuration list for PBXProject "MasterCollectionView" */;
			compatibilityVersion = "Xcode 3.2";
			developmentRegion = English;
			hasScannedForEncodings = 0;
			knownRegions = (
				en,
				Base,
			);
			mainGroup = EE2FBAF61E5DE7B700DAB188;
			productRefGroup = EE2FBB001E5DE7B700DAB188 /* Products */;
			projectDirPath = "";
			projectRoot = "";
			targets = (
				EE2FBAFE1E5DE7B700DAB188 /* MasterCollectionView */,
			);
		};
/* End PBXProject section */

/* Begin PBXResourcesBuildPhase section */
		EE2FBAFD1E5DE7B700DAB188 /* Resources */ = {
			isa = PBXResourcesBuildPhase;
			buildActionMask = 2147483647;
			files = (
				EE2FBB0D1E5DE7B800DAB188 /* LaunchScreen.storyboard in Resources */,
				EE2FBB0A1E5DE7B700DAB188 /* Assets.xcassets in Resources */,
				EE2FBB081E5DE7B700DAB188 /* Main.storyboard in Resources */,
			);
			runOnlyForDeploymentPostprocessing = 0;
		};
/* End PBXResourcesBuildPhase section */

/* Begin PBXShellScriptBuildPhase section */
		0D4DF838FFDF3E4DB8730725 /* [CP] Check Pods Manifest.lock */ = {
			isa = PBXShellScriptBuildPhase;
			buildActionMask = 2147483647;
			files = (
			);
			inputPaths = (
			);
			name = "[CP] Check Pods Manifest.lock";
			outputPaths = (
			);
			runOnlyForDeploymentPostprocessing = 0;
			shellPath = /bin/sh;
			shellScript = "diff \"${PODS_ROOT}/../Podfile.lock\" \"${PODS_ROOT}/Manifest.lock\" > /dev/null\nif [ $? != 0 ] ; then\n    # print error to STDERR\n    echo \"error: The sandbox is not in sync with the Podfile.lock. Run 'pod install' or update your CocoaPods installation.\" >&2\n    exit 1\nfi\n";
			showEnvVarsInLog = 0;
		};
		4268D26C389A655B460B052C /* [CP] Copy Pods Resources */ = {
			isa = PBXShellScriptBuildPhase;
			buildActionMask = 2147483647;
			files = (
			);
			inputPaths = (
			);
			name = "[CP] Copy Pods Resources";
			outputPaths = (
			);
			runOnlyForDeploymentPostprocessing = 0;
			shellPath = /bin/sh;
			shellScript = "\"${SRCROOT}/Pods/Target Support Files/Pods-MasterCollectionView/Pods-MasterCollectionView-resources.sh\"\n";
			showEnvVarsInLog = 0;
		};
		87EBE4FB1E27628FAF81A971 /* [CP] Embed Pods Frameworks */ = {
			isa = PBXShellScriptBuildPhase;
			buildActionMask = 2147483647;
			files = (
			);
			inputPaths = (
			);
			name = "[CP] Embed Pods Frameworks";
			outputPaths = (
			);
			runOnlyForDeploymentPostprocessing = 0;
			shellPath = /bin/sh;
			shellScript = "\"${SRCROOT}/Pods/Target Support Files/Pods-MasterCollectionView/Pods-MasterCollectionView-frameworks.sh\"\n";
			showEnvVarsInLog = 0;
		};
/* End PBXShellScriptBuildPhase section */

/* Begin PBXSourcesBuildPhase section */
		EE2FBAFB1E5DE7B700DAB188 /* Sources */ = {
			isa = PBXSourcesBuildPhase;
			buildActionMask = 2147483647;
			files = (
				EE1B0E701E82AD8F00CC2279 /* MovableScrollViewController.swift in Sources */,
				EE2FBB051E5DE7B700DAB188 /* ViewController.swift in Sources */,
				EE1B0E6E1E82AA3700CC2279 /* RootTableViewController.swift in Sources */,
				EE2FBB031E5DE7B700DAB188 /* AppDelegate.swift in Sources */,
			);
			runOnlyForDeploymentPostprocessing = 0;
		};
/* End PBXSourcesBuildPhase section */

/* Begin PBXVariantGroup section */
		EE2FBB061E5DE7B700DAB188 /* Main.storyboard */ = {
			isa = PBXVariantGroup;
			children = (
				EE2FBB071E5DE7B700DAB188 /* Base */,
			);
			name = Main.storyboard;
			sourceTree = "<group>";
		};
		EE2FBB0B1E5DE7B700DAB188 /* LaunchScreen.storyboard */ = {
			isa = PBXVariantGroup;
			children = (
				EE2FBB0C1E5DE7B800DAB188 /* Base */,
			);
			name = LaunchScreen.storyboard;
			sourceTree = "<group>";
		};
/* End PBXVariantGroup section */

/* Begin XCBuildConfiguration section */
		EE2FBB0F1E5DE7B800DAB188 /* Debug */ = {
			isa = XCBuildConfiguration;
			buildSettings = {
				ALWAYS_SEARCH_USER_PATHS = NO;
				CLANG_ANALYZER_NONNULL = YES;
				CLANG_CXX_LANGUAGE_STANDARD = "gnu++0x";
				CLANG_CXX_LIBRARY = "libc++";
				CLANG_ENABLE_MODULES = YES;
				CLANG_ENABLE_OBJC_ARC = YES;
				CLANG_WARN_BOOL_CONVERSION = YES;
				CLANG_WARN_CONSTANT_CONVERSION = YES;
				CLANG_WARN_DIRECT_OBJC_ISA_USAGE = YES_ERROR;
				CLANG_WARN_DOCUMENTATION_COMMENTS = YES;
				CLANG_WARN_EMPTY_BODY = YES;
				CLANG_WARN_ENUM_CONVERSION = YES;
				CLANG_WARN_INFINITE_RECURSION = YES;
				CLANG_WARN_INT_CONVERSION = YES;
				CLANG_WARN_OBJC_ROOT_CLASS = YES_ERROR;
				CLANG_WARN_SUSPICIOUS_MOVE = YES;
				CLANG_WARN_UNREACHABLE_CODE = YES;
				CLANG_WARN__DUPLICATE_METHOD_MATCH = YES;
				"CODE_SIGN_IDENTITY[sdk=iphoneos*]" = "iPhone Developer";
				COPY_PHASE_STRIP = NO;
				DEBUG_INFORMATION_FORMAT = dwarf;
				ENABLE_STRICT_OBJC_MSGSEND = YES;
				ENABLE_TESTABILITY = YES;
				GCC_C_LANGUAGE_STANDARD = gnu99;
				GCC_DYNAMIC_NO_PIC = NO;
				GCC_NO_COMMON_BLOCKS = YES;
				GCC_OPTIMIZATION_LEVEL = 0;
				GCC_PREPROCESSOR_DEFINITIONS = (
					"DEBUG=1",
					"$(inherited)",
				);
				GCC_WARN_64_TO_32_BIT_CONVERSION = YES;
				GCC_WARN_ABOUT_RETURN_TYPE = YES_ERROR;
				GCC_WARN_UNDECLARED_SELECTOR = YES;
				GCC_WARN_UNINITIALIZED_AUTOS = YES_AGGRESSIVE;
				GCC_WARN_UNUSED_FUNCTION = YES;
				GCC_WARN_UNUSED_VARIABLE = YES;
				IPHONEOS_DEPLOYMENT_TARGET = 10.2;
				MTL_ENABLE_DEBUG_INFO = YES;
				ONLY_ACTIVE_ARCH = YES;
				SDKROOT = iphoneos;
				SWIFT_ACTIVE_COMPILATION_CONDITIONS = DEBUG;
				SWIFT_OPTIMIZATION_LEVEL = "-Onone";
			};
			name = Debug;
		};
		EE2FBB101E5DE7B800DAB188 /* Release */ = {
			isa = XCBuildConfiguration;
			buildSettings = {
				ALWAYS_SEARCH_USER_PATHS = NO;
				CLANG_ANALYZER_NONNULL = YES;
				CLANG_CXX_LANGUAGE_STANDARD = "gnu++0x";
				CLANG_CXX_LIBRARY = "libc++";
				CLANG_ENABLE_MODULES = YES;
				CLANG_ENABLE_OBJC_ARC = YES;
				CLANG_WARN_BOOL_CONVERSION = YES;
				CLANG_WARN_CONSTANT_CONVERSION = YES;
				CLANG_WARN_DIRECT_OBJC_ISA_USAGE = YES_ERROR;
				CLANG_WARN_DOCUMENTATION_COMMENTS = YES;
				CLANG_WARN_EMPTY_BODY = YES;
				CLANG_WARN_ENUM_CONVERSION = YES;
				CLANG_WARN_INFINITE_RECURSION = YES;
				CLANG_WARN_INT_CONVERSION = YES;
				CLANG_WARN_OBJC_ROOT_CLASS = YES_ERROR;
				CLANG_WARN_SUSPICIOUS_MOVE = YES;
				CLANG_WARN_UNREACHABLE_CODE = YES;
				CLANG_WARN__DUPLICATE_METHOD_MATCH = YES;
				"CODE_SIGN_IDENTITY[sdk=iphoneos*]" = "iPhone Developer";
				COPY_PHASE_STRIP = NO;
				DEBUG_INFORMATION_FORMAT = "dwarf-with-dsym";
				ENABLE_NS_ASSERTIONS = NO;
				ENABLE_STRICT_OBJC_MSGSEND = YES;
				GCC_C_LANGUAGE_STANDARD = gnu99;
				GCC_NO_COMMON_BLOCKS = YES;
				GCC_WARN_64_TO_32_BIT_CONVERSION = YES;
				GCC_WARN_ABOUT_RETURN_TYPE = YES_ERROR;
				GCC_WARN_UNDECLARED_SELECTOR = YES;
				GCC_WARN_UNINITIALIZED_AUTOS = YES_AGGRESSIVE;
				GCC_WARN_UNUSED_FUNCTION = YES;
				GCC_WARN_UNUSED_VARIABLE = YES;
				IPHONEOS_DEPLOYMENT_TARGET = 10.2;
				MTL_ENABLE_DEBUG_INFO = NO;
				SDKROOT = iphoneos;
				SWIFT_OPTIMIZATION_LEVEL = "-Owholemodule";
				VALIDATE_PRODUCT = YES;
			};
			name = Release;
		};
		EE2FBB121E5DE7B800DAB188 /* Debug */ = {
			isa = XCBuildConfiguration;
			baseConfigurationReference = CB390FBC300A0BB7C737E967 /* Pods-MasterCollectionView.debug.xcconfig */;
			buildSettings = {
				ASSETCATALOG_COMPILER_APPICON_NAME = AppIcon;
				DEVELOPMENT_TEAM = 23X5258S94;
				INFOPLIST_FILE = MasterCollectionView/Info.plist;
				LD_RUNPATH_SEARCH_PATHS = "$(inherited) @executable_path/Frameworks";
				PRODUCT_BUNDLE_IDENTIFIER = me.desmonddai.MasterCollectionView;
				PRODUCT_NAME = "$(TARGET_NAME)";
				SWIFT_VERSION = 3.0;
			};
			name = Debug;
		};
		EE2FBB131E5DE7B800DAB188 /* Release */ = {
			isa = XCBuildConfiguration;
			baseConfigurationReference = B94AC497352BE700544F13CF /* Pods-MasterCollectionView.release.xcconfig */;
			buildSettings = {
				ASSETCATALOG_COMPILER_APPICON_NAME = AppIcon;
				DEVELOPMENT_TEAM = 23X5258S94;
				INFOPLIST_FILE = MasterCollectionView/Info.plist;
				LD_RUNPATH_SEARCH_PATHS = "$(inherited) @executable_path/Frameworks";
				PRODUCT_BUNDLE_IDENTIFIER = me.desmonddai.MasterCollectionView;
				PRODUCT_NAME = "$(TARGET_NAME)";
				SWIFT_VERSION = 3.0;
			};
			name = Release;
		};
/* End XCBuildConfiguration section */

/* Begin XCConfigurationList section */
		EE2FBAFA1E5DE7B700DAB188 /* Build configuration list for PBXProject "MasterCollectionView" */ = {
			isa = XCConfigurationList;
			buildConfigurations = (
				EE2FBB0F1E5DE7B800DAB188 /* Debug */,
				EE2FBB101E5DE7B800DAB188 /* Release */,
			);
			defaultConfigurationIsVisible = 0;
			defaultConfigurationName = Release;
		};
		EE2FBB111E5DE7B800DAB188 /* Build configuration list for PBXNativeTarget "MasterCollectionView" */ = {
			isa = XCConfigurationList;
			buildConfigurations = (
				EE2FBB121E5DE7B800DAB188 /* Debug */,
				EE2FBB131E5DE7B800DAB188 /* Release */,
			);
			defaultConfigurationIsVisible = 0;
			defaultConfigurationName = Release;
		};
/* End XCConfigurationList section */
	};
	rootObject = EE2FBAF71E5DE7B700DAB188 /* Project object */;
}
